
Microsoft Visual Studio Solution File, Format Version 12.00
Project("{FAE04EC0-301F-11D3-BF4B-00C04F79EFBC}") = "CryptoDumper", "CryptoDumper\CryptoDumper.csproj", "{EF455EF4-8081-4FC8-9A4B-B3A7F4920C52}"
EndProject
Project("{FAE04EC0-301F-11D3-BF4B-00C04F79EFBC}") = "CryptoDumper.Console", "CryptoDumper.Console\CryptoDumper.Console.csproj", "{AFCB05EA-F504-464F-85E7-93F935879075}"
EndProject
Project("{FAE04EC0-301F-11D3-BF4B-00C04F79EFBC}") = "Maxisoft.Plugins", "Maxisoft.Plugins\Maxisoft.Plugins.csproj", "{5DA662C8-FAD9-4152-8160-A935A61B43EF}"
EndProject
Project("{FAE04EC0-301F-11D3-BF4B-00C04F79EFBC}") = "Maxisoft.Utils", "Maxisoft.Utils\Maxisoft.Utils\Maxisoft.Utils.csproj", "{9F60ED23-78F7-4976-B321-2553A1492883}"
EndProject
Project("{FAE04EC0-301F-11D3-BF4B-00C04F79EFBC}") = "CryptoDumper.Tests", "CryptoDumper.Tests\CryptoDumper.Tests.csproj", "{99FB43DE-F0C2-488A-A33E-60CEFB43A21B}"
EndProject
Global
	GlobalSection(SolutionConfigurationPlatforms) = preSolution
		Debug|Any CPU = Debug|Any CPU
		Release|Any CPU = Release|Any CPU
	EndGlobalSection
	GlobalSection(ProjectConfigurationPlatforms) = postSolution
		{EF455EF4-8081-4FC8-9A4B-B3A7F4920C52}.Debug|Any CPU.ActiveCfg = Debug|Any CPU
		{EF455EF4-8081-4FC8-9A4B-B3A7F4920C52}.Debug|Any CPU.Build.0 = Debug|Any CPU
		{EF455EF4-8081-4FC8-9A4B-B3A7F4920C52}.Release|Any CPU.ActiveCfg = Release|Any CPU
		{EF455EF4-8081-4FC8-9A4B-B3A7F4920C52}.Release|Any CPU.Build.0 = Release|Any CPU
		{AFCB05EA-F504-464F-85E7-93F935879075}.Debug|Any CPU.ActiveCfg = Debug|Any CPU
		{AFCB05EA-F504-464F-85E7-93F935879075}.Debug|Any CPU.Build.0 = Debug|Any CPU
		{AFCB05EA-F504-464F-85E7-93F935879075}.Release|Any CPU.ActiveCfg = Release|Any CPU
		{AFCB05EA-F504-464F-85E7-93F935879075}.Release|Any CPU.Build.0 = Release|Any CPU
		{5DA662C8-FAD9-4152-8160-A935A61B43EF}.Debug|Any CPU.ActiveCfg = Debug|Any CPU
		{5DA662C8-FAD9-4152-8160-A935A61B43EF}.Debug|Any CPU.Build.0 = Debug|Any CPU
		{5DA662C8-FAD9-4152-8160-A935A61B43EF}.Release|Any CPU.ActiveCfg = Release|Any CPU
		{5DA662C8-FAD9-4152-8160-A935A61B43EF}.Release|Any CPU.Build.0 = Release|Any CPU
		{9F60ED23-78F7-4976-B321-2553A1492883}.Debug|Any CPU.ActiveCfg = Debug|Any CPU
		{9F60ED23-78F7-4976-B321-2553A1492883}.Debug|Any CPU.Build.0 = Debug|Any CPU
		{9F60ED23-78F7-4976-B321-2553A1492883}.Release|Any CPU.ActiveCfg = Release|Any CPU
		{9F60ED23-78F7-4976-B321-2553A1492883}.Release|Any CPU.Build.0 = Release|Any CPU
		{99FB43DE-F0C2-488A-A33E-60CEFB43A21B}.Debug|Any CPU.ActiveCfg = Debug|Any CPU
		{99FB43DE-F0C2-488A-A33E-60CEFB43A21B}.Debug|Any CPU.Build.0 = Debug|Any CPU
		{99FB43DE-F0C2-488A-A33E-60CEFB43A21B}.Release|Any CPU.ActiveCfg = Release|Any CPU
		{99FB43DE-F0C2-488A-A33E-60CEFB43A21B}.Release|Any CPU.Build.0 = Release|Any CPU
	EndGlobalSection
EndGlobal
